
Microsoft Visual Studio Solution File, Format Version 12.00
# Visual Studio Version 17
VisualStudioVersion = 17.8.34330.188
MinimumVisualStudioVersion = 10.0.40219.1
Project("{9A19103F-16F7-4668-BE54-9A1E7A4F7556}") = "LoginProject", "LoginProject.csproj", "{913500A1-1255-4B76-B56D-B919A5830F5B}"
EndProject
Project("{9A19103F-16F7-4668-BE54-9A1E7A4F7556}") = "Entities", "..\Entities\Entities.csproj", "{C0C049AE-D6A7-4137-B852-FB294BF2B72F}"
EndProject
Project("{9A19103F-16F7-4668-BE54-9A1E7A4F7556}") = "Business", "..\Business\Business.csproj", "{6FF6BAF3-B6BD-4826-8D61-D197C5081211}"
EndProject
Project("{FAE04EC0-301F-11D3-BF4B-00C04F79EFBC}") = "LoginProject.Api", "..\LoginProject.Api\LoginProject.Api.csproj", "{8E003977-C2FC-4189-9926-433F70CDBC79}"
EndProject
Global
	GlobalSection(SolutionConfigurationPlatforms) = preSolution
		Debug|Any CPU = Debug|Any CPU
		Release|Any CPU = Release|Any CPU
	EndGlobalSection
	GlobalSection(ProjectConfigurationPlatforms) = postSolution
		{913500A1-1255-4B76-B56D-B919A5830F5B}.Debug|Any CPU.ActiveCfg = Debug|Any CPU
		{913500A1-1255-4B76-B56D-B919A5830F5B}.Debug|Any CPU.Build.0 = Debug|Any CPU
		{913500A1-1255-4B76-B56D-B919A5830F5B}.Release|Any CPU.ActiveCfg = Release|Any CPU
		{913500A1-1255-4B76-B56D-B919A5830F5B}.Release|Any CPU.Build.0 = Release|Any CPU
		{C0C049AE-D6A7-4137-B852-FB294BF2B72F}.Debug|Any CPU.ActiveCfg = Debug|Any CPU
		{C0C049AE-D6A7-4137-B852-FB294BF2B72F}.Debug|Any CPU.Build.0 = Debug|Any CPU
		{C0C049AE-D6A7-4137-B852-FB294BF2B72F}.Release|Any CPU.ActiveCfg = Release|Any CPU
		{C0C049AE-D6A7-4137-B852-FB294BF2B72F}.Release|Any CPU.Build.0 = Release|Any CPU
		{6FF6BAF3-B6BD-4826-8D61-D197C5081211}.Debug|Any CPU.ActiveCfg = Debug|Any CPU
		{6FF6BAF3-B6BD-4826-8D61-D197C5081211}.Debug|Any CPU.Build.0 = Debug|Any CPU
		{6FF6BAF3-B6BD-4826-8D61-D197C5081211}.Release|Any CPU.ActiveCfg = Release|Any CPU
		{6FF6BAF3-B6BD-4826-8D61-D197C5081211}.Release|Any CPU.Build.0 = Release|Any CPU
		{8E003977-C2FC-4189-9926-433F70CDBC79}.Debug|Any CPU.ActiveCfg = Debug|Any CPU
		{8E003977-C2FC-4189-9926-433F70CDBC79}.Debug|Any CPU.Build.0 = Debug|Any CPU
		{8E003977-C2FC-4189-9926-433F70CDBC79}.Release|Any CPU.ActiveCfg = Release|Any CPU
		{8E003977-C2FC-4189-9926-433F70CDBC79}.Release|Any CPU.Build.0 = Release|Any CPU
	EndGlobalSection
	GlobalSection(SolutionProperties) = preSolution
		HideSolutionNode = FALSE
	EndGlobalSection
	GlobalSection(ExtensibilityGlobals) = postSolution
		SolutionGuid = {70855278-33CD-4B46-8C41-68340A735D1E}
	EndGlobalSection
EndGlobal
